
Microsoft Visual Studio Solution File, Format Version 12.00
# Visual Studio Version 17
VisualStudioVersion = 17.14.36603.0 d17.14
MinimumVisualStudioVersion = 10.0.40219.1
Project("{FAE04EC0-301F-11D3-BF4B-00C04F79EFBC}") = "APPTREINOPOO", "APPTREINOPOO.csproj", "{CE07EA83-F5C1-4EF0-B9FD-EB193A5050AB}"
EndProject
Global
	GlobalSection(SolutionConfigurationPlatforms) = preSolution
		Debug|Any CPU = Debug|Any CPU
		Release|Any CPU = Release|Any CPU
	EndGlobalSection
	GlobalSection(ProjectConfigurationPlatforms) = postSolution
		{CE07EA83-F5C1-4EF0-B9FD-EB193A5050AB}.Debug|Any CPU.ActiveCfg = Debug|Any CPU
		{CE07EA83-F5C1-4EF0-B9FD-EB193A5050AB}.Debug|Any CPU.Build.0 = Debug|Any CPU
		{CE07EA83-F5C1-4EF0-B9FD-EB193A5050AB}.Release|Any CPU.ActiveCfg = Release|Any CPU
		{CE07EA83-F5C1-4EF0-B9FD-EB193A5050AB}.Release|Any CPU.Build.0 = Release|Any CPU
	EndGlobalSection
	GlobalSection(SolutionProperties) = preSolution
		HideSolutionNode = FALSE
	EndGlobalSection
	GlobalSection(ExtensibilityGlobals) = postSolution
		SolutionGuid = {E788A481-B516-49BF-BB72-FFB83EA4122D}
	EndGlobalSection
EndGlobal
